
Microsoft Visual Studio Solution File, Format Version 12.00
# Visual Studio Version 16
VisualStudioVersion = 16.0.30114.105
MinimumVisualStudioVersion = 10.0.40219.1
Project("{FAE04EC0-301F-11D3-BF4B-00C04F79EFBC}") = "rpg-base-template-client", "Client\rpg-base-template-client.csproj", "{F2792E4E-7580-4CCE-84C5-EEBF92EEFE5E}"
EndProject
Project("{FAE04EC0-301F-11D3-BF4B-00C04F79EFBC}") = "rpg-base-template-server", "Server\rpg-base-template-server.csproj", "{29BA3136-35CF-4513-8262-4FBEE98BE085}"
EndProject
Project("{2150E333-8FDC-42A3-9474-1A3956D46DE8}") = "lib", "lib", "{2E5EE449-8102-4EB5-ABBC-A7FBA1AF23D8}"
EndProject
Project("{2150E333-8FDC-42A3-9474-1A3956D46DE8}") = "NihilNetwork", "NihilNetwork", "{DD9979C7-672F-4AE1-9F56-01862A7D6480}"
EndProject
Project("{FAE04EC0-301F-11D3-BF4B-00C04F79EFBC}") = "NihilNetwork", "lib\NihilNetwork\NihilNetwork\NihilNetwork.csproj", "{C4F176A4-905E-44CB-97AD-1AD240F91915}"
EndProject
Global
	GlobalSection(SolutionConfigurationPlatforms) = preSolution
		Debug|Any CPU = Debug|Any CPU
		Debug|x64 = Debug|x64
		Debug|x86 = Debug|x86
		Release|Any CPU = Release|Any CPU
		Release|x64 = Release|x64
		Release|x86 = Release|x86
	EndGlobalSection
	GlobalSection(SolutionProperties) = preSolution
		HideSolutionNode = FALSE
	EndGlobalSection
	GlobalSection(ProjectConfigurationPlatforms) = postSolution
		{F2792E4E-7580-4CCE-84C5-EEBF92EEFE5E}.Debug|Any CPU.ActiveCfg = Debug|Any CPU
		{F2792E4E-7580-4CCE-84C5-EEBF92EEFE5E}.Debug|Any CPU.Build.0 = Debug|Any CPU
		{F2792E4E-7580-4CCE-84C5-EEBF92EEFE5E}.Debug|x64.ActiveCfg = Debug|Any CPU
		{F2792E4E-7580-4CCE-84C5-EEBF92EEFE5E}.Debug|x64.Build.0 = Debug|Any CPU
		{F2792E4E-7580-4CCE-84C5-EEBF92EEFE5E}.Debug|x86.ActiveCfg = Debug|Any CPU
		{F2792E4E-7580-4CCE-84C5-EEBF92EEFE5E}.Debug|x86.Build.0 = Debug|Any CPU
		{F2792E4E-7580-4CCE-84C5-EEBF92EEFE5E}.Release|Any CPU.ActiveCfg = Release|Any CPU
		{F2792E4E-7580-4CCE-84C5-EEBF92EEFE5E}.Release|Any CPU.Build.0 = Release|Any CPU
		{F2792E4E-7580-4CCE-84C5-EEBF92EEFE5E}.Release|x64.ActiveCfg = Release|Any CPU
		{F2792E4E-7580-4CCE-84C5-EEBF92EEFE5E}.Release|x64.Build.0 = Release|Any CPU
		{F2792E4E-7580-4CCE-84C5-EEBF92EEFE5E}.Release|x86.ActiveCfg = Release|Any CPU
		{F2792E4E-7580-4CCE-84C5-EEBF92EEFE5E}.Release|x86.Build.0 = Release|Any CPU
		{29BA3136-35CF-4513-8262-4FBEE98BE085}.Debug|Any CPU.ActiveCfg = Debug|Any CPU
		{29BA3136-35CF-4513-8262-4FBEE98BE085}.Debug|Any CPU.Build.0 = Debug|Any CPU
		{29BA3136-35CF-4513-8262-4FBEE98BE085}.Debug|x64.ActiveCfg = Debug|Any CPU
		{29BA3136-35CF-4513-8262-4FBEE98BE085}.Debug|x64.Build.0 = Debug|Any CPU
		{29BA3136-35CF-4513-8262-4FBEE98BE085}.Debug|x86.ActiveCfg = Debug|Any CPU
		{29BA3136-35CF-4513-8262-4FBEE98BE085}.Debug|x86.Build.0 = Debug|Any CPU
		{29BA3136-35CF-4513-8262-4FBEE98BE085}.Release|Any CPU.ActiveCfg = Release|Any CPU
		{29BA3136-35CF-4513-8262-4FBEE98BE085}.Release|Any CPU.Build.0 = Release|Any CPU
		{29BA3136-35CF-4513-8262-4FBEE98BE085}.Release|x64.ActiveCfg = Release|Any CPU
		{29BA3136-35CF-4513-8262-4FBEE98BE085}.Release|x64.Build.0 = Release|Any CPU
		{29BA3136-35CF-4513-8262-4FBEE98BE085}.Release|x86.ActiveCfg = Release|Any CPU
		{29BA3136-35CF-4513-8262-4FBEE98BE085}.Release|x86.Build.0 = Release|Any CPU
		{C4F176A4-905E-44CB-97AD-1AD240F91915}.Debug|Any CPU.ActiveCfg = Debug|Any CPU
		{C4F176A4-905E-44CB-97AD-1AD240F91915}.Debug|Any CPU.Build.0 = Debug|Any CPU
		{C4F176A4-905E-44CB-97AD-1AD240F91915}.Debug|x64.ActiveCfg = Debug|Any CPU
		{C4F176A4-905E-44CB-97AD-1AD240F91915}.Debug|x64.Build.0 = Debug|Any CPU
		{C4F176A4-905E-44CB-97AD-1AD240F91915}.Debug|x86.ActiveCfg = Debug|Any CPU
		{C4F176A4-905E-44CB-97AD-1AD240F91915}.Debug|x86.Build.0 = Debug|Any CPU
		{C4F176A4-905E-44CB-97AD-1AD240F91915}.Release|Any CPU.ActiveCfg = Release|Any CPU
		{C4F176A4-905E-44CB-97AD-1AD240F91915}.Release|Any CPU.Build.0 = Release|Any CPU
		{C4F176A4-905E-44CB-97AD-1AD240F91915}.Release|x64.ActiveCfg = Release|Any CPU
		{C4F176A4-905E-44CB-97AD-1AD240F91915}.Release|x64.Build.0 = Release|Any CPU
		{C4F176A4-905E-44CB-97AD-1AD240F91915}.Release|x86.ActiveCfg = Release|Any CPU
		{C4F176A4-905E-44CB-97AD-1AD240F91915}.Release|x86.Build.0 = Release|Any CPU
	EndGlobalSection
	GlobalSection(NestedProjects) = preSolution
		{DD9979C7-672F-4AE1-9F56-01862A7D6480} = {2E5EE449-8102-4EB5-ABBC-A7FBA1AF23D8}
		{C4F176A4-905E-44CB-97AD-1AD240F91915} = {DD9979C7-672F-4AE1-9F56-01862A7D6480}
	EndGlobalSection
EndGlobal
